# generated by rye
# use `rye lock` or `rye sync` to update this lockfile
#
# last locked with the following flags:
#   pre: false
#   features: []
#   all-features: false
#   with-sources: false

-e file:.
absl-py==2.1.0
    # via tensorboard
aiohttp==3.9.3
    # via fsspec
aiosignal==1.3.1
    # via aiohttp
async-timeout==4.0.3
    # via aiohttp
attrs==23.2.0
    # via aiohttp
certifi==2024.2.2
    # via requests
charset-normalizer==3.3.2
    # via requests
contourpy==1.2.0
    # via matplotlib
cycler==0.12.1
    # via matplotlib
decorator==5.1.1
    # via mne
fonttools==4.49.0
    # via matplotlib
frozenlist==1.4.1
    # via aiohttp
    # via aiosignal
fsspec==2024.2.0
    # via lightning
    # via pytorch-lightning
gitdb==4.0.11
    # via gitpython
gitpython==3.1.42
    # via hms-brain-activity
grpcio==1.62.1
    # via tensorboard
idna==3.6
    # via requests
    # via yarl
jinja2==3.1.3
    # via mne
joblib==1.3.2
    # via scikit-learn
kiwisolver==1.4.5
    # via matplotlib
lazy-loader==0.3
    # via mne
lightning==2.1.4
    # via hms-brain-activity
lightning-utilities==0.10.1
    # via lightning
    # via pytorch-lightning
    # via torchmetrics
markdown==3.5.2
    # via tensorboard
markupsafe==2.1.5
    # via jinja2
    # via werkzeug
matplotlib==3.8.3
    # via hms-brain-activity
    # via mne
mne==1.6.1
    # via hms-brain-activity
multidict==6.0.5
    # via aiohttp
    # via yarl
numpy==1.26.4
    # via contourpy
    # via lightning
    # via matplotlib
    # via mne
    # via pandas
    # via pyarrow
    # via pytorch-lightning
    # via scikit-learn
    # via scipy
    # via tensorboard
    # via torchmetrics
    # via torchvision
packaging==24.0
    # via lightning
    # via lightning-utilities
    # via matplotlib
    # via mne
    # via plotly
    # via pooch
    # via pytorch-lightning
    # via torchmetrics
pandas==2.2.1
    # via hms-brain-activity
pillow==10.2.0
    # via matplotlib
    # via torchvision
pip==24.0
    # via hms-brain-activity
platformdirs==4.2.0
    # via pooch
plotly==5.19.0
    # via hms-brain-activity
pooch==1.8.1
    # via mne
protobuf==4.25.3
    # via tensorboard
pyarrow==15.0.1
    # via hms-brain-activity
pyparsing==3.1.2
    # via matplotlib
python-dateutil==2.9.0.post0
    # via matplotlib
    # via pandas
pytorch-lightning==2.1.4
    # via lightning
pytz==2024.1
    # via pandas
pyyaml==6.0.1
    # via lightning
    # via pytorch-lightning
requests==2.31.0
    # via pooch
    # via torchvision
scikit-learn==1.4.1.post1
    # via hms-brain-activity
scipy==1.12.0
    # via hms-brain-activity
    # via mne
    # via scikit-learn
setuptools==69.1.1
    # via lightning-utilities
    # via tensorboard
six==1.16.0
    # via python-dateutil
    # via tensorboard
smmap==5.0.1
    # via gitdb
tenacity==8.2.3
    # via plotly
tensorboard==2.16.2
    # via hms-brain-activity
tensorboard-data-server==0.7.2
    # via tensorboard
threadpoolctl==3.3.0
    # via scikit-learn
torch==1.12.1
    # via hms-brain-activity
    # via lightning
    # via pytorch-lightning
    # via torchaudio
    # via torchmetrics
    # via torchvision
torchaudio==0.12.1
    # via hms-brain-activity
torchmetrics==1.3.1
    # via hms-brain-activity
    # via lightning
    # via pytorch-lightning
torchvision==0.13.1
    # via hms-brain-activity
tqdm==4.66.2
    # via lightning
    # via mne
    # via pytorch-lightning
typing-extensions==4.10.0
    # via lightning
    # via lightning-utilities
    # via pytorch-lightning
    # via torch
    # via torchvision
tzdata==2024.1
    # via pandas
urllib3==2.2.1
    # via requests
werkzeug==3.0.1
    # via tensorboard
yarl==1.9.4
    # via aiohttp
